
Microsoft Visual Studio Solution File, Format Version 11.00
# Visual Studio 2010
Project("{FAE04EC0-301F-11D3-BF4B-00C04F79EFBC}") = "PowerPointLabs", "PowerPointLabs\PowerPointLabs.csproj", "{E0696DF3-9906-4E0E-906E-F9D47F41EF80}"
EndProject
Project("{54435603-DBB4-11D2-8724-00A0C9A8B90C}") = "PowerPointLabsSetup", "PowerPointLabsSetup\PowerPointLabsSetup.vdproj", "{FE2B3394-92E5-4724-9296-A7B31E548242}"
EndProject
Global
	GlobalSection(SolutionConfigurationPlatforms) = preSolution
		Debug|Any CPU = Debug|Any CPU
		Release|Any CPU = Release|Any CPU
	EndGlobalSection
	GlobalSection(ProjectConfigurationPlatforms) = postSolution
		{E0696DF3-9906-4E0E-906E-F9D47F41EF80}.Debug|Any CPU.ActiveCfg = Debug|Any CPU
		{E0696DF3-9906-4E0E-906E-F9D47F41EF80}.Debug|Any CPU.Build.0 = Debug|Any CPU
		{E0696DF3-9906-4E0E-906E-F9D47F41EF80}.Release|Any CPU.ActiveCfg = Release|Any CPU
		{E0696DF3-9906-4E0E-906E-F9D47F41EF80}.Release|Any CPU.Build.0 = Release|Any CPU
		{FE2B3394-92E5-4724-9296-A7B31E548242}.Debug|Any CPU.ActiveCfg = Debug
		{FE2B3394-92E5-4724-9296-A7B31E548242}.Release|Any CPU.ActiveCfg = Release
	EndGlobalSection
	GlobalSection(SolutionProperties) = preSolution
		HideSolutionNode = FALSE
	EndGlobalSection
EndGlobal
